
Microsoft Visual Studio Solution File, Format Version 12.00
# Visual Studio Version 17
VisualStudioVersion = 17.5.002.0
MinimumVisualStudioVersion = 10.0.40219.1
Project("{9A19103F-16F7-4668-BE54-9A1E7A4F7556}") = "ReverseProxy.Tunnel.Anonymous.API", "ReverseProxy.Tunnel.Anonymous.API\ReverseProxy.Tunnel.Anonymous.API.csproj", "{629CD9C1-0A9C-4D3A-89EA-9295B60127BB}"
EndProject
Project("{9A19103F-16F7-4668-BE54-9A1E7A4F7556}") = "ReverseProxy.Tunnel.Anonymous.Backend", "ReverseProxy.Tunnel.Anonymous.Backend\ReverseProxy.Tunnel.Anonymous.Backend.csproj", "{8DB22DD9-ABA7-4D56-8008-01D4711F82DD}"
EndProject
Project("{9A19103F-16F7-4668-BE54-9A1E7A4F7556}") = "ReverseProxy.Tunnel.Anonymous.Frontend", "ReverseProxy.Tunnel.Anonymous.Frontend\ReverseProxy.Tunnel.Anonymous.Frontend.csproj", "{9DC00C93-5071-40B9-9F0C-4697776FB053}"
EndProject
Global
	GlobalSection(SolutionConfigurationPlatforms) = preSolution
		Debug|Any CPU = Debug|Any CPU
		Release|Any CPU = Release|Any CPU
	EndGlobalSection
	GlobalSection(ProjectConfigurationPlatforms) = postSolution
		{629CD9C1-0A9C-4D3A-89EA-9295B60127BB}.Debug|Any CPU.ActiveCfg = Debug|Any CPU
		{629CD9C1-0A9C-4D3A-89EA-9295B60127BB}.Debug|Any CPU.Build.0 = Debug|Any CPU
		{629CD9C1-0A9C-4D3A-89EA-9295B60127BB}.Release|Any CPU.ActiveCfg = Release|Any CPU
		{629CD9C1-0A9C-4D3A-89EA-9295B60127BB}.Release|Any CPU.Build.0 = Release|Any CPU
		{8DB22DD9-ABA7-4D56-8008-01D4711F82DD}.Debug|Any CPU.ActiveCfg = Debug|Any CPU
		{8DB22DD9-ABA7-4D56-8008-01D4711F82DD}.Debug|Any CPU.Build.0 = Debug|Any CPU
		{8DB22DD9-ABA7-4D56-8008-01D4711F82DD}.Release|Any CPU.ActiveCfg = Release|Any CPU
		{8DB22DD9-ABA7-4D56-8008-01D4711F82DD}.Release|Any CPU.Build.0 = Release|Any CPU
		{9DC00C93-5071-40B9-9F0C-4697776FB053}.Debug|Any CPU.ActiveCfg = Debug|Any CPU
		{9DC00C93-5071-40B9-9F0C-4697776FB053}.Debug|Any CPU.Build.0 = Debug|Any CPU
		{9DC00C93-5071-40B9-9F0C-4697776FB053}.Release|Any CPU.ActiveCfg = Release|Any CPU
		{9DC00C93-5071-40B9-9F0C-4697776FB053}.Release|Any CPU.Build.0 = Release|Any CPU
	EndGlobalSection
	GlobalSection(SolutionProperties) = preSolution
		HideSolutionNode = FALSE
	EndGlobalSection
	GlobalSection(ExtensibilityGlobals) = postSolution
		SolutionGuid = {36744EF5-31B6-4507-9DED-F2E5ED9DFEAB}
	EndGlobalSection
EndGlobal
